
Microsoft Visual Studio Solution File, Format Version 12.00
# Visual Studio 2013
VisualStudioVersion = 12.0.40629.0
MinimumVisualStudioVersion = 10.0.40219.1
Project("{FAE04EC0-301F-11D3-BF4B-00C04F79EFBC}") = "智能转换", "EXCEL导入导出\智能转换.csproj", "{54631E36-FE5B-4A81-9201-511F96B91C38}"
EndProject
Global
	GlobalSection(SolutionConfigurationPlatforms) = preSolution
		Debug|Any CPU = Debug|Any CPU
		Release|Any CPU = Release|Any CPU
	EndGlobalSection
	GlobalSection(ProjectConfigurationPlatforms) = postSolution
		{54631E36-FE5B-4A81-9201-511F96B91C38}.Debug|Any CPU.ActiveCfg = Debug|Any CPU
		{54631E36-FE5B-4A81-9201-511F96B91C38}.Debug|Any CPU.Build.0 = Debug|Any CPU
		{54631E36-FE5B-4A81-9201-511F96B91C38}.Release|Any CPU.ActiveCfg = Release|Any CPU
		{54631E36-FE5B-4A81-9201-511F96B91C38}.Release|Any CPU.Build.0 = Release|Any CPU
	EndGlobalSection
	GlobalSection(SolutionProperties) = preSolution
		HideSolutionNode = FALSE
	EndGlobalSection
EndGlobal
